
Microsoft Visual Studio Solution File, Format Version 12.00
# Visual Studio Version 17
VisualStudioVersion = 17.8.34330.188
MinimumVisualStudioVersion = 10.0.40219.1
Project("{FAE04EC0-301F-11D3-BF4B-00C04F79EFBC}") = "eTickets", "eTickets\eTickets.csproj", "{FCFEBB85-DAF7-4DA2-A534-4D197D68C59B}"
EndProject
Global
	GlobalSection(SolutionConfigurationPlatforms) = preSolution
		Debug|Any CPU = Debug|Any CPU
		Release|Any CPU = Release|Any CPU
	EndGlobalSection
	GlobalSection(ProjectConfigurationPlatforms) = postSolution
		{FCFEBB85-DAF7-4DA2-A534-4D197D68C59B}.Debug|Any CPU.ActiveCfg = Debug|Any CPU
		{FCFEBB85-DAF7-4DA2-A534-4D197D68C59B}.Debug|Any CPU.Build.0 = Debug|Any CPU
		{FCFEBB85-DAF7-4DA2-A534-4D197D68C59B}.Release|Any CPU.ActiveCfg = Release|Any CPU
		{FCFEBB85-DAF7-4DA2-A534-4D197D68C59B}.Release|Any CPU.Build.0 = Release|Any CPU
	EndGlobalSection
	GlobalSection(SolutionProperties) = preSolution
		HideSolutionNode = FALSE
	EndGlobalSection
	GlobalSection(ExtensibilityGlobals) = postSolution
		SolutionGuid = {4B9319C3-A302-497E-98B1-840B27C44C98}
	EndGlobalSection
EndGlobal
